
Microsoft Visual Studio Solution File, Format Version 12.00
# Visual Studio Version 16
VisualStudioVersion = 16.0.30907.101
MinimumVisualStudioVersion = 10.0.40219.1
Project("{FAE04EC0-301F-11D3-BF4B-00C04F79EFBC}") = "ListaTari_1048", "ListaTari_1048.csproj", "{F8E69A11-A308-46E8-9843-E5D943A9B875}"
EndProject
Global
	GlobalSection(SolutionConfigurationPlatforms) = preSolution
		Debug|Any CPU = Debug|Any CPU
		Release|Any CPU = Release|Any CPU
	EndGlobalSection
	GlobalSection(ProjectConfigurationPlatforms) = postSolution
		{F8E69A11-A308-46E8-9843-E5D943A9B875}.Debug|Any CPU.ActiveCfg = Debug|Any CPU
		{F8E69A11-A308-46E8-9843-E5D943A9B875}.Debug|Any CPU.Build.0 = Debug|Any CPU
		{F8E69A11-A308-46E8-9843-E5D943A9B875}.Release|Any CPU.ActiveCfg = Release|Any CPU
		{F8E69A11-A308-46E8-9843-E5D943A9B875}.Release|Any CPU.Build.0 = Release|Any CPU
	EndGlobalSection
	GlobalSection(SolutionProperties) = preSolution
		HideSolutionNode = FALSE
	EndGlobalSection
	GlobalSection(ExtensibilityGlobals) = postSolution
		SolutionGuid = {EA0053F9-C2BC-4965-9C45-A94FAA6B4DF8}
	EndGlobalSection
EndGlobal
