
Microsoft Visual Studio Solution File, Format Version 12.00
# Visual Studio Version 16
VisualStudioVersion = 16.0.30907.101
MinimumVisualStudioVersion = 10.0.40219.1
Project("{FAE04EC0-301F-11D3-BF4B-00C04F79EFBC}") = "Sem1_1046", "Sem1_1046.csproj", "{F873179F-F68B-48B0-B4AD-8BE988213171}"
EndProject
Global
	GlobalSection(SolutionConfigurationPlatforms) = preSolution
		Debug|Any CPU = Debug|Any CPU
		Release|Any CPU = Release|Any CPU
	EndGlobalSection
	GlobalSection(ProjectConfigurationPlatforms) = postSolution
		{F873179F-F68B-48B0-B4AD-8BE988213171}.Debug|Any CPU.ActiveCfg = Debug|Any CPU
		{F873179F-F68B-48B0-B4AD-8BE988213171}.Debug|Any CPU.Build.0 = Debug|Any CPU
		{F873179F-F68B-48B0-B4AD-8BE988213171}.Release|Any CPU.ActiveCfg = Release|Any CPU
		{F873179F-F68B-48B0-B4AD-8BE988213171}.Release|Any CPU.Build.0 = Release|Any CPU
	EndGlobalSection
	GlobalSection(SolutionProperties) = preSolution
		HideSolutionNode = FALSE
	EndGlobalSection
	GlobalSection(ExtensibilityGlobals) = postSolution
		SolutionGuid = {BDA465C1-5653-4CD5-9FCD-F5AAAEC86F2F}
	EndGlobalSection
EndGlobal
