
Microsoft Visual Studio Solution File, Format Version 12.00
# Visual Studio Version 16
VisualStudioVersion = 16.0.30907.101
MinimumVisualStudioVersion = 10.0.40219.1
Project("{FAE04EC0-301F-11D3-BF4B-00C04F79EFBC}") = "Sem2_1049", "Sem2_1049.csproj", "{B879C429-FEB1-4A87-839C-F68AED7245BF}"
EndProject
Global
	GlobalSection(SolutionConfigurationPlatforms) = preSolution
		Debug|Any CPU = Debug|Any CPU
		Release|Any CPU = Release|Any CPU
	EndGlobalSection
	GlobalSection(ProjectConfigurationPlatforms) = postSolution
		{B879C429-FEB1-4A87-839C-F68AED7245BF}.Debug|Any CPU.ActiveCfg = Debug|Any CPU
		{B879C429-FEB1-4A87-839C-F68AED7245BF}.Debug|Any CPU.Build.0 = Debug|Any CPU
		{B879C429-FEB1-4A87-839C-F68AED7245BF}.Release|Any CPU.ActiveCfg = Release|Any CPU
		{B879C429-FEB1-4A87-839C-F68AED7245BF}.Release|Any CPU.Build.0 = Release|Any CPU
	EndGlobalSection
	GlobalSection(SolutionProperties) = preSolution
		HideSolutionNode = FALSE
	EndGlobalSection
	GlobalSection(ExtensibilityGlobals) = postSolution
		SolutionGuid = {05F75F75-DDA0-4F99-9F0E-48060EFB5A8E}
	EndGlobalSection
EndGlobal
