
Microsoft Visual Studio Solution File, Format Version 12.00
# Visual Studio Version 16
VisualStudioVersion = 16.0.30907.101
MinimumVisualStudioVersion = 10.0.40219.1
Project("{FAE04EC0-301F-11D3-BF4B-00C04F79EFBC}") = "ListaTari_1046", "ListaTari_1046.csproj", "{CBB3F612-111B-4090-8481-FD82216CABCA}"
EndProject
Global
	GlobalSection(SolutionConfigurationPlatforms) = preSolution
		Debug|Any CPU = Debug|Any CPU
		Release|Any CPU = Release|Any CPU
	EndGlobalSection
	GlobalSection(ProjectConfigurationPlatforms) = postSolution
		{CBB3F612-111B-4090-8481-FD82216CABCA}.Debug|Any CPU.ActiveCfg = Debug|Any CPU
		{CBB3F612-111B-4090-8481-FD82216CABCA}.Debug|Any CPU.Build.0 = Debug|Any CPU
		{CBB3F612-111B-4090-8481-FD82216CABCA}.Release|Any CPU.ActiveCfg = Release|Any CPU
		{CBB3F612-111B-4090-8481-FD82216CABCA}.Release|Any CPU.Build.0 = Release|Any CPU
	EndGlobalSection
	GlobalSection(SolutionProperties) = preSolution
		HideSolutionNode = FALSE
	EndGlobalSection
	GlobalSection(ExtensibilityGlobals) = postSolution
		SolutionGuid = {C8F3BF97-2E1B-40DB-903E-E07C3604F74C}
	EndGlobalSection
EndGlobal
